
Microsoft Visual Studio Solution File, Format Version 12.00
# Visual Studio Version 17
VisualStudioVersion = 17.12.35707.178
MinimumVisualStudioVersion = 10.0.40219.1
Project("{FAE04EC0-301F-11D3-BF4B-00C04F79EFBC}") = "BookingWebApp", "BookingWebApp.csproj", "{D6275F4B-EF28-4B8E-BA3E-4FDB9AD449E0}"
EndProject
Project("{2150E333-8FDC-42A3-9474-1A3956D46DE8}") = "1.BookingWebApp.DAL", "1.BookingWebApp.DAL", "{6DB017FE-595E-41E7-96A6-FB3A3B0E8180}"
EndProject
Project("{2150E333-8FDC-42A3-9474-1A3956D46DE8}") = "2.BookingWebApp.BLL", "2.BookingWebApp.BLL", "{D155EB60-4437-4596-A8E3-C590DD83C01E}"
EndProject
Project("{2150E333-8FDC-42A3-9474-1A3956D46DE8}") = "3.BookingWebApp.UI", "3.BookingWebApp.UI", "{1559B987-00BB-4510-9B81-8C178F40A456}"
EndProject
Project("{FAE04EC0-301F-11D3-BF4B-00C04F79EFBC}") = "Models", "..\Models\Models.csproj", "{E8AFC290-BE62-440A-A0E8-BFAA39813DBA}"
EndProject
Project("{FAE04EC0-301F-11D3-BF4B-00C04F79EFBC}") = "MSSQL", "..\MSSQL\MSSQL.csproj", "{5F3838D4-4CD9-44C4-9A9B-022640D41E74}"
EndProject
Project("{FAE04EC0-301F-11D3-BF4B-00C04F79EFBC}") = "Services", "..\Services\Services.csproj", "{1F728A2E-2DDF-410F-9C4E-A680197640FA}"
EndProject
Project("{FAE04EC0-301F-11D3-BF4B-00C04F79EFBC}") = "Interfaces", "..\Interfaces\Interfaces.csproj", "{B5AC8A12-506F-40D2-A540-7B27471D15F9}"
EndProject
Global
	GlobalSection(SolutionConfigurationPlatforms) = preSolution
		Debug|Any CPU = Debug|Any CPU
		Release|Any CPU = Release|Any CPU
	EndGlobalSection
	GlobalSection(ProjectConfigurationPlatforms) = postSolution
		{D6275F4B-EF28-4B8E-BA3E-4FDB9AD449E0}.Debug|Any CPU.ActiveCfg = Debug|Any CPU
		{D6275F4B-EF28-4B8E-BA3E-4FDB9AD449E0}.Debug|Any CPU.Build.0 = Debug|Any CPU
		{D6275F4B-EF28-4B8E-BA3E-4FDB9AD449E0}.Release|Any CPU.ActiveCfg = Release|Any CPU
		{D6275F4B-EF28-4B8E-BA3E-4FDB9AD449E0}.Release|Any CPU.Build.0 = Release|Any CPU
		{E8AFC290-BE62-440A-A0E8-BFAA39813DBA}.Debug|Any CPU.ActiveCfg = Debug|Any CPU
		{E8AFC290-BE62-440A-A0E8-BFAA39813DBA}.Debug|Any CPU.Build.0 = Debug|Any CPU
		{E8AFC290-BE62-440A-A0E8-BFAA39813DBA}.Release|Any CPU.ActiveCfg = Release|Any CPU
		{E8AFC290-BE62-440A-A0E8-BFAA39813DBA}.Release|Any CPU.Build.0 = Release|Any CPU
		{5F3838D4-4CD9-44C4-9A9B-022640D41E74}.Debug|Any CPU.ActiveCfg = Debug|Any CPU
		{5F3838D4-4CD9-44C4-9A9B-022640D41E74}.Debug|Any CPU.Build.0 = Debug|Any CPU
		{5F3838D4-4CD9-44C4-9A9B-022640D41E74}.Release|Any CPU.ActiveCfg = Release|Any CPU
		{5F3838D4-4CD9-44C4-9A9B-022640D41E74}.Release|Any CPU.Build.0 = Release|Any CPU
		{1F728A2E-2DDF-410F-9C4E-A680197640FA}.Debug|Any CPU.ActiveCfg = Debug|Any CPU
		{1F728A2E-2DDF-410F-9C4E-A680197640FA}.Debug|Any CPU.Build.0 = Debug|Any CPU
		{1F728A2E-2DDF-410F-9C4E-A680197640FA}.Release|Any CPU.ActiveCfg = Release|Any CPU
		{1F728A2E-2DDF-410F-9C4E-A680197640FA}.Release|Any CPU.Build.0 = Release|Any CPU
		{B5AC8A12-506F-40D2-A540-7B27471D15F9}.Debug|Any CPU.ActiveCfg = Debug|Any CPU
		{B5AC8A12-506F-40D2-A540-7B27471D15F9}.Debug|Any CPU.Build.0 = Debug|Any CPU
		{B5AC8A12-506F-40D2-A540-7B27471D15F9}.Release|Any CPU.ActiveCfg = Release|Any CPU
		{B5AC8A12-506F-40D2-A540-7B27471D15F9}.Release|Any CPU.Build.0 = Release|Any CPU
	EndGlobalSection
	GlobalSection(SolutionProperties) = preSolution
		HideSolutionNode = FALSE
	EndGlobalSection
	GlobalSection(NestedProjects) = preSolution
		{D6275F4B-EF28-4B8E-BA3E-4FDB9AD449E0} = {1559B987-00BB-4510-9B81-8C178F40A456}
		{E8AFC290-BE62-440A-A0E8-BFAA39813DBA} = {6DB017FE-595E-41E7-96A6-FB3A3B0E8180}
		{5F3838D4-4CD9-44C4-9A9B-022640D41E74} = {6DB017FE-595E-41E7-96A6-FB3A3B0E8180}
		{1F728A2E-2DDF-410F-9C4E-A680197640FA} = {D155EB60-4437-4596-A8E3-C590DD83C01E}
		{B5AC8A12-506F-40D2-A540-7B27471D15F9} = {D155EB60-4437-4596-A8E3-C590DD83C01E}
	EndGlobalSection
EndGlobal
